// !$*UTF8*$!
{
	archiveVersion = 1;
	classes = {
	};
	objectVersion = 50;
	objects = {

/* Begin PBXBuildFile section */
		D625C2E924B67D42004602EC /* AppDelegate.swift in Sources */ = {isa = PBXBuildFile; fileRef = D625C2E824B67D42004602EC /* AppDelegate.swift */; };
		D625C2EB24B67D42004602EC /* SceneDelegate.swift in Sources */ = {isa = PBXBuildFile; fileRef = D625C2EA24B67D42004602EC /* SceneDelegate.swift */; };
		D625C2ED24B67D42004602EC /* ContentView.swift in Sources */ = {isa = PBXBuildFile; fileRef = D625C2EC24B67D42004602EC /* ContentView.swift */; };
		D625C2EF24B67D44004602EC /* Assets.xcassets in Resources */ = {isa = PBXBuildFile; fileRef = D625C2EE24B67D44004602EC /* Assets.xcassets */; };
		D625C2F224B67D44004602EC /* Preview Assets.xcassets in Resources */ = {isa = PBXBuildFile; fileRef = D625C2F124B67D44004602EC /* Preview Assets.xcassets */; };
		D625C2F524B67D44004602EC /* LaunchScreen.storyboard in Resources */ = {isa = PBXBuildFile; fileRef = D625C2F324B67D44004602EC /* LaunchScreen.storyboard */; };
/* End PBXBuildFile section */

/* Begin PBXFileReference section */
		D625C2E524B67D42004602EC /* TretogorPOC.app */ = {isa = PBXFileReference; explicitFileType = wrapper.application; includeInIndex = 0; path = TretogorPOC.app; sourceTree = BUILT_PRODUCTS_DIR; };
		D625C2E824B67D42004602EC /* AppDelegate.swift */ = {isa = PBXFileReference; lastKnownFileType = sourcecode.swift; path = AppDelegate.swift; sourceTree = "<group>"; };
		D625C2EA24B67D42004602EC /* SceneDelegate.swift */ = {isa = PBXFileReference; lastKnownFileType = sourcecode.swift; path = SceneDelegate.swift; sourceTree = "<group>"; };
		D625C2EC24B67D42004602EC /* ContentView.swift */ = {isa = PBXFileReference; lastKnownFileType = sourcecode.swift; path = ContentView.swift; sourceTree = "<group>"; };
		D625C2EE24B67D44004602EC /* Assets.xcassets */ = {isa = PBXFileReference; lastKnownFileType = folder.assetcatalog; path = Assets.xcassets; sourceTree = "<group>"; };
		D625C2F124B67D44004602EC /* Preview Assets.xcassets */ = {isa = PBXFileReference; lastKnownFileType = folder.assetcatalog; path = "Preview Assets.xcassets"; sourceTree = "<group>"; };
		D625C2F424B67D44004602EC /* Base */ = {isa = PBXFileReference; lastKnownFileType = file.storyboard; name = Base; path = Base.lproj/LaunchScreen.storyboard; sourceTree = "<group>"; };
		D625C2F624B67D44004602EC /* Info.plist */ = {isa = PBXFileReference; lastKnownFileType = text.plist.xml; path = Info.plist; sourceTree = "<group>"; };
/* End PBXFileReference section */

/* Begin PBXFrameworksBuildPhase section */
		D625C2E224B67D42004602EC /* Frameworks */ = {
			isa = PBXFrameworksBuildPhase;
			buildActionMask = 2147483647;
			files = (
			);
			runOnlyForDeploymentPostprocessing = 0;
		};
/* End PBXFrameworksBuildPhase section */

/* Begin PBXGroup section */
		D625C2DC24B67D42004602EC = {
			isa = PBXGroup;
			children = (
				D625C2E724B67D42004602EC /* TretogorPOC */,
				D625C2E624B67D42004602EC /* Products */,
			);
			sourceTree = "<group>";
		};
		D625C2E624B67D42004602EC /* Products */ = {
			isa = PBXGroup;
			children = (
				D625C2E524B67D42004602EC /* TretogorPOC.app */,
			);
			name = Products;
			sourceTree = "<group>";
		};
		D625C2E724B67D42004602EC /* TretogorPOC */ = {
			isa = PBXGroup;
			children = (
				D625C2E824B67D42004602EC /* AppDelegate.swift */,
				D625C2EA24B67D42004602EC /* SceneDelegate.swift */,
				D625C2EC24B67D42004602EC /* ContentView.swift */,
				D625C2EE24B67D44004602EC /* Assets.xcassets */,
				D625C2F324B67D44004602EC /* LaunchScreen.storyboard */,
				D625C2F624B67D44004602EC /* Info.plist */,
				D625C2F024B67D44004602EC /* Preview Content */,
			);
			path = TretogorPOC;
			sourceTree = "<group>";
		};
		D625C2F024B67D44004602EC /* Preview Content */ = {
			isa = PBXGroup;
			children = (
				D625C2F124B67D44004602EC /* Preview Assets.xcassets */,
			);
			path = "Preview Content";
			sourceTree = "<group>";
		};
/* End PBXGroup section */

/* Begin PBXNativeTarget section */
		D625C2E424B67D42004602EC /* TretogorPOC */ = {
			isa = PBXNativeTarget;
			buildConfigurationList = D625C2F924B67D44004602EC /* Build configuration list for PBXNativeTarget "TretogorPOC" */;
			buildPhases = (
				D625C2E124B67D42004602EC /* Sources */,
				D625C2E224B67D42004602EC /* Frameworks */,
				D625C2E324B67D42004602EC /* Resources */,
			);
			buildRules = (
			);
			dependencies = (
			);
			name = TretogorPOC;
			productName = TretogorPOC;
			productReference = D625C2E524B67D42004602EC /* TretogorPOC.app */;
			productType = "com.apple.product-type.application";
		};
/* End PBXNativeTarget section */

/* Begin PBXProject section */
		D625C2DD24B67D42004602EC /* Project object */ = {
			isa = PBXProject;
			attributes = {
				LastSwiftUpdateCheck = 1130;
				LastUpgradeCheck = 1130;
				ORGANIZATIONNAME = "Felipe Borges Bezerra";
				TargetAttributes = {
					D625C2E424B67D42004602EC = {
						CreatedOnToolsVersion = 11.3;
					};
				};
			};
			buildConfigurationList = D625C2E024B67D42004602EC /* Build configuration list for PBXProject "TretogorPOC" */;
			compatibilityVersion = "Xcode 9.3";
			developmentRegion = en;
			hasScannedForEncodings = 0;
			knownRegions = (
				en,
				Base,
			);
			mainGroup = D625C2DC24B67D42004602EC;
			productRefGroup = D625C2E624B67D42004602EC /* Products */;
			projectDirPath = "";
			projectRoot = "";
			targets = (
				D625C2E424B67D42004602EC /* TretogorPOC */,
			);
		};
/* End PBXProject section */

/* Begin PBXResourcesBuildPhase section */
		D625C2E324B67D42004602EC /* Resources */ = {
			isa = PBXResourcesBuildPhase;
			buildActionMask = 2147483647;
			files = (
				D625C2F524B67D44004602EC /* LaunchScreen.storyboard in Resources */,
				D625C2F224B67D44004602EC /* Preview Assets.xcassets in Resources */,
				D625C2EF24B67D44004602EC /* Assets.xcassets in Resources */,
			);
			runOnlyForDeploymentPostprocessing = 0;
		};
/* End PBXResourcesBuildPhase section */

/* Begin PBXSourcesBuildPhase section */
		D625C2E124B67D42004602EC /* Sources */ = {
			isa = PBXSourcesBuildPhase;
			buildActionMask = 2147483647;
			files = (
				D625C2E924B67D42004602EC /* AppDelegate.swift in Sources */,
				D625C2EB24B67D42004602EC /* SceneDelegate.swift in Sources */,
				D625C2ED24B67D42004602EC /* ContentView.swift in Sources */,
			);
			runOnlyForDeploymentPostprocessing = 0;
		};
/* End PBXSourcesBuildPhase section */

/* Begin PBXVariantGroup section */
		D625C2F324B67D44004602EC /* LaunchScreen.storyboard */ = {
			isa = PBXVariantGroup;
			children = (
				D625C2F424B67D44004602EC /* Base */,
			);
			name = LaunchScreen.storyboard;
			sourceTree = "<group>";
		};
/* End PBXVariantGroup section */

/* Begin XCBuildConfiguration section */
		D625C2F724B67D44004602EC /* Debug */ = {
			isa = XCBuildConfiguration;
			buildSettings = {
				ALWAYS_SEARCH_USER_PATHS = NO;
				CLANG_ANALYZER_NONNULL = YES;
				CLANG_ANALYZER_NUMBER_OBJECT_CONVERSION = YES_AGGRESSIVE;
				CLANG_CXX_LANGUAGE_STANDARD = "gnu++14";
				CLANG_CXX_LIBRARY = "libc++";
				CLANG_ENABLE_MODULES = YES;
				CLANG_ENABLE_OBJC_ARC = YES;
				CLANG_ENABLE_OBJC_WEAK = YES;
				CLANG_WARN_BLOCK_CAPTURE_AUTORELEASING = YES;
				CLANG_WARN_BOOL_CONVERSION = YES;
				CLANG_WARN_COMMA = YES;
				CLANG_WARN_CONSTANT_CONVERSION = YES;
				CLANG_WARN_DEPRECATED_OBJC_IMPLEMENTATIONS = YES;
				CLANG_WARN_DIRECT_OBJC_ISA_USAGE = YES_ERROR;
				CLANG_WARN_DOCUMENTATION_COMMENTS = YES;
				CLANG_WARN_EMPTY_BODY = YES;
				CLANG_WARN_ENUM_CONVERSION = YES;
				CLANG_WARN_INFINITE_RECURSION = YES;
				CLANG_WARN_INT_CONVERSION = YES;
				CLANG_WARN_NON_LITERAL_NULL_CONVERSION = YES;
				CLANG_WARN_OBJC_IMPLICIT_RETAIN_SELF = YES;
				CLANG_WARN_OBJC_LITERAL_CONVERSION = YES;
				CLANG_WARN_OBJC_ROOT_CLASS = YES_ERROR;
				CLANG_WARN_RANGE_LOOP_ANALYSIS = YES;
				CLANG_WARN_STRICT_PROTOTYPES = YES;
				CLANG_WARN_SUSPICIOUS_MOVE = YES;
				CLANG_WARN_UNGUARDED_AVAILABILITY = YES_AGGRESSIVE;
				CLANG_WARN_UNREACHABLE_CODE = YES;
				CLANG_WARN__DUPLICATE_METHOD_MATCH = YES;
				COPY_PHASE_STRIP = NO;
				DEBUG_INFORMATION_FORMAT = dwarf;
				ENABLE_STRICT_OBJC_MSGSEND = YES;
				ENABLE_TESTABILITY = YES;
				GCC_C_LANGUAGE_STANDARD = gnu11;
				GCC_DYNAMIC_NO_PIC = NO;
				GCC_NO_COMMON_BLOCKS = YES;
				GCC_OPTIMIZATION_LEVEL = 0;
				GCC_PREPROCESSOR_DEFINITIONS = (
					"DEBUG=1",
					"$(inherited)",
				);
				GCC_WARN_64_TO_32_BIT_CONVERSION = YES;
				GCC_WARN_ABOUT_RETURN_TYPE = YES_ERROR;
				GCC_WARN_UNDECLARED_SELECTOR = YES;
				GCC_WARN_UNINITIALIZED_AUTOS = YES_AGGRESSIVE;
				GCC_WARN_UNUSED_FUNCTION = YES;
				GCC_WARN_UNUSED_VARIABLE = YES;
				IPHONEOS_DEPLOYMENT_TARGET = 13.2;
				MTL_ENABLE_DEBUG_INFO = INCLUDE_SOURCE;
				MTL_FAST_MATH = YES;
				ONLY_ACTIVE_ARCH = YES;
				SDKROOT = iphoneos;
				SWIFT_ACTIVE_COMPILATION_CONDITIONS = DEBUG;
				SWIFT_OPTIMIZATION_LEVEL = "-Onone";
			};
			name = Debug;
		};
		D625C2F824B67D44004602EC /* Release */ = {
			isa = XCBuildConfiguration;
			buildSettings = {
				ALWAYS_SEARCH_USER_PATHS = NO;
				CLANG_ANALYZER_NONNULL = YES;
				CLANG_ANALYZER_NUMBER_OBJECT_CONVERSION = YES_AGGRESSIVE;
				CLANG_CXX_LANGUAGE_STANDARD = "gnu++14";
				CLANG_CXX_LIBRARY = "libc++";
				CLANG_ENABLE_MODULES = YES;
				CLANG_ENABLE_OBJC_ARC = YES;
				CLANG_ENABLE_OBJC_WEAK = YES;
				CLANG_WARN_BLOCK_CAPTURE_AUTORELEASING = YES;
				CLANG_WARN_BOOL_CONVERSION = YES;
				CLANG_WARN_COMMA = YES;
				CLANG_WARN_CONSTANT_CONVERSION = YES;
				CLANG_WARN_DEPRECATED_OBJC_IMPLEMENTATIONS = YES;
				CLANG_WARN_DIRECT_OBJC_ISA_USAGE = YES_ERROR;
				CLANG_WARN_DOCUMENTATION_COMMENTS = YES;
				CLANG_WARN_EMPTY_BODY = YES;
				CLANG_WARN_ENUM_CONVERSION = YES;
				CLANG_WARN_INFINITE_RECURSION = YES;
				CLANG_WARN_INT_CONVERSION = YES;
				CLANG_WARN_NON_LITERAL_NULL_CONVERSION = YES;
				CLANG_WARN_OBJC_IMPLICIT_RETAIN_SELF = YES;
				CLANG_WARN_OBJC_LITERAL_CONVERSION = YES;
				CLANG_WARN_OBJC_ROOT_CLASS = YES_ERROR;
				CLANG_WARN_RANGE_LOOP_ANALYSIS = YES;
				CLANG_WARN_STRICT_PROTOTYPES = YES;
				CLANG_WARN_SUSPICIOUS_MOVE = YES;
				CLANG_WARN_UNGUARDED_AVAILABILITY = YES_AGGRESSIVE;
				CLANG_WARN_UNREACHABLE_CODE = YES;
				CLANG_WARN__DUPLICATE_METHOD_MATCH = YES;
				COPY_PHASE_STRIP = NO;
				DEBUG_INFORMATION_FORMAT = "dwarf-with-dsym";
				ENABLE_NS_ASSERTIONS = NO;
				ENABLE_STRICT_OBJC_MSGSEND = YES;
				GCC_C_LANGUAGE_STANDARD = gnu11;
				GCC_NO_COMMON_BLOCKS = YES;
				GCC_WARN_64_TO_32_BIT_CONVERSION = YES;
				GCC_WARN_ABOUT_RETURN_TYPE = YES_ERROR;
				GCC_WARN_UNDECLARED_SELECTOR = YES;
				GCC_WARN_UNINITIALIZED_AUTOS = YES_AGGRESSIVE;
				GCC_WARN_UNUSED_FUNCTION = YES;
				GCC_WARN_UNUSED_VARIABLE = YES;
				IPHONEOS_DEPLOYMENT_TARGET = 13.2;
				MTL_ENABLE_DEBUG_INFO = NO;
				MTL_FAST_MATH = YES;
				SDKROOT = iphoneos;
				SWIFT_COMPILATION_MODE = wholemodule;
				SWIFT_OPTIMIZATION_LEVEL = "-O";
				VALIDATE_PRODUCT = YES;
			};
			name = Release;
		};
		D625C2FA24B67D44004602EC /* Debug */ = {
			isa = XCBuildConfiguration;
			buildSettings = {
				ASSETCATALOG_COMPILER_APPICON_NAME = AppIcon;
				CODE_SIGN_STYLE = Automatic;
				DEVELOPMENT_ASSET_PATHS = "\"TretogorPOC/Preview Content\"";
				DEVELOPMENT_TEAM = 7BAW9PJR59;
				ENABLE_PREVIEWS = YES;
				INFOPLIST_FILE = TretogorPOC/Info.plist;
				LD_RUNPATH_SEARCH_PATHS = (
					"$(inherited)",
					"@executable_path/Frameworks",
				);
				PRODUCT_BUNDLE_IDENTIFIER = com.febezerra.TretogorPOC;
				PRODUCT_NAME = "$(TARGET_NAME)";
				SWIFT_VERSION = 5.0;
				TARGETED_DEVICE_FAMILY = "1,2";
			};
			name = Debug;
		};
		D625C2FB24B67D44004602EC /* Release */ = {
			isa = XCBuildConfiguration;
			buildSettings = {
				ASSETCATALOG_COMPILER_APPICON_NAME = AppIcon;
				CODE_SIGN_STYLE = Automatic;
				DEVELOPMENT_ASSET_PATHS = "\"TretogorPOC/Preview Content\"";
				DEVELOPMENT_TEAM = 7BAW9PJR59;
				ENABLE_PREVIEWS = YES;
				INFOPLIST_FILE = TretogorPOC/Info.plist;
				LD_RUNPATH_SEARCH_PATHS = (
					"$(inherited)",
					"@executable_path/Frameworks",
				);
				PRODUCT_BUNDLE_IDENTIFIER = com.febezerra.TretogorPOC;
				PRODUCT_NAME = "$(TARGET_NAME)";
				SWIFT_VERSION = 5.0;
				TARGETED_DEVICE_FAMILY = "1,2";
			};
			name = Release;
		};
/* End XCBuildConfiguration section */

/* Begin XCConfigurationList section */
		D625C2E024B67D42004602EC /* Build configuration list for PBXProject "TretogorPOC" */ = {
			isa = XCConfigurationList;
			buildConfigurations = (
				D625C2F724B67D44004602EC /* Debug */,
				D625C2F824B67D44004602EC /* Release */,
			);
			defaultConfigurationIsVisible = 0;
			defaultConfigurationName = Release;
		};
		D625C2F924B67D44004602EC /* Build configuration list for PBXNativeTarget "TretogorPOC" */ = {
			isa = XCConfigurationList;
			buildConfigurations = (
				D625C2FA24B67D44004602EC /* Debug */,
				D625C2FB24B67D44004602EC /* Release */,
			);
			defaultConfigurationIsVisible = 0;
			defaultConfigurationName = Release;
		};
/* End XCConfigurationList section */
	};
	rootObject = D625C2DD24B67D42004602EC /* Project object */;
}
